// !$*UTF8*$!
{
	archiveVersion = 1;
	classes = {
	};
	objectVersion = 46;
	objects = {

/* Begin PBXBuildFile section */
		8E4E3D891D1306440091C56D /* music.mp3 in Resources */ = {isa = PBXBuildFile; fileRef = 8E4E3D881D1306440091C56D /* music.mp3 */; };
		8E4E3D8B1D130F220091C56D /* PokemonDetailVC.swift in Sources */ = {isa = PBXBuildFile; fileRef = 8E4E3D8A1D130F220091C56D /* PokemonDetailVC.swift */; };
		8E4E3D8D1D13265E0091C56D /* Constants.swift in Sources */ = {isa = PBXBuildFile; fileRef = 8E4E3D8C1D13265E0091C56D /* Constants.swift */; };
		8E8AB0931D125CF700CC8158 /* AppDelegate.swift in Sources */ = {isa = PBXBuildFile; fileRef = 8E8AB0921D125CF700CC8158 /* AppDelegate.swift */; };
		8E8AB0951D125CF700CC8158 /* ViewController.swift in Sources */ = {isa = PBXBuildFile; fileRef = 8E8AB0941D125CF700CC8158 /* ViewController.swift */; };
		8E8AB0981D125CF700CC8158 /* Main.storyboard in Resources */ = {isa = PBXBuildFile; fileRef = 8E8AB0961D125CF700CC8158 /* Main.storyboard */; };
		8E8AB09A1D125CF700CC8158 /* Assets.xcassets in Resources */ = {isa = PBXBuildFile; fileRef = 8E8AB0991D125CF700CC8158 /* Assets.xcassets */; };
		8E8AB09D1D125CF700CC8158 /* LaunchScreen.storyboard in Resources */ = {isa = PBXBuildFile; fileRef = 8E8AB09B1D125CF700CC8158 /* LaunchScreen.storyboard */; };
		8E8AB0A51D125F0200CC8158 /* pokemon.csv in Resources */ = {isa = PBXBuildFile; fileRef = 8E8AB0A41D125F0100CC8158 /* pokemon.csv */; };
		8E8AB0A81D12609000CC8158 /* Pokemon.swift in Sources */ = {isa = PBXBuildFile; fileRef = 8E8AB0A71D12609000CC8158 /* Pokemon.swift */; };
		8E8AB0AC1D12677900CC8158 /* PokeCell.swift in Sources */ = {isa = PBXBuildFile; fileRef = 8E8AB0AB1D12677900CC8158 /* PokeCell.swift */; };
		8E8AB0AF1D12FC6E00CC8158 /* csv.swift in Sources */ = {isa = PBXBuildFile; fileRef = 8E8AB0AE1D12FC6E00CC8158 /* csv.swift */; };
		8E8AB0B61D13021500CC8158 /* pokemonsolid.ttf in Resources */ = {isa = PBXBuildFile; fileRef = 8E8AB0B51D13021500CC8158 /* pokemonsolid.ttf */; };
		96827F7D1FA5C969F59C3695 /* Pods_pokedex.framework in Frameworks */ = {isa = PBXBuildFile; fileRef = 3EA0A5C43AFBE3539FFD9AC1 /* Pods_pokedex.framework */; };
/* End PBXBuildFile section */

/* Begin PBXFileReference section */
		3EA0A5C43AFBE3539FFD9AC1 /* Pods_pokedex.framework */ = {isa = PBXFileReference; explicitFileType = wrapper.framework; includeInIndex = 0; path = Pods_pokedex.framework; sourceTree = BUILT_PRODUCTS_DIR; };
		772BFD8B8C1E4EE56E9E95FC /* Pods-pokedex.debug.xcconfig */ = {isa = PBXFileReference; includeInIndex = 1; lastKnownFileType = text.xcconfig; name = "Pods-pokedex.debug.xcconfig"; path = "Pods/Target Support Files/Pods-pokedex/Pods-pokedex.debug.xcconfig"; sourceTree = "<group>"; };
		8E4E3D881D1306440091C56D /* music.mp3 */ = {isa = PBXFileReference; lastKnownFileType = audio.mp3; path = music.mp3; sourceTree = "<group>"; };
		8E4E3D8A1D130F220091C56D /* PokemonDetailVC.swift */ = {isa = PBXFileReference; fileEncoding = 4; lastKnownFileType = sourcecode.swift; path = PokemonDetailVC.swift; sourceTree = "<group>"; };
		8E4E3D8C1D13265E0091C56D /* Constants.swift */ = {isa = PBXFileReference; fileEncoding = 4; lastKnownFileType = sourcecode.swift; path = Constants.swift; sourceTree = "<group>"; };
		8E8AB08F1D125CF600CC8158 /* pokedex.app */ = {isa = PBXFileReference; explicitFileType = wrapper.application; includeInIndex = 0; path = pokedex.app; sourceTree = BUILT_PRODUCTS_DIR; };
		8E8AB0921D125CF700CC8158 /* AppDelegate.swift */ = {isa = PBXFileReference; lastKnownFileType = sourcecode.swift; path = AppDelegate.swift; sourceTree = "<group>"; };
		8E8AB0941D125CF700CC8158 /* ViewController.swift */ = {isa = PBXFileReference; lastKnownFileType = sourcecode.swift; path = ViewController.swift; sourceTree = "<group>"; };
		8E8AB0971D125CF700CC8158 /* Base */ = {isa = PBXFileReference; lastKnownFileType = file.storyboard; name = Base; path = Base.lproj/Main.storyboard; sourceTree = "<group>"; };
		8E8AB0991D125CF700CC8158 /* Assets.xcassets */ = {isa = PBXFileReference; lastKnownFileType = folder.assetcatalog; path = Assets.xcassets; sourceTree = "<group>"; };
		8E8AB09C1D125CF700CC8158 /* Base */ = {isa = PBXFileReference; lastKnownFileType = file.storyboard; name = Base; path = Base.lproj/LaunchScreen.storyboard; sourceTree = "<group>"; };
		8E8AB09E1D125CF700CC8158 /* Info.plist */ = {isa = PBXFileReference; lastKnownFileType = text.plist.xml; path = Info.plist; sourceTree = "<group>"; };
		8E8AB0A41D125F0100CC8158 /* pokemon.csv */ = {isa = PBXFileReference; fileEncoding = 4; lastKnownFileType = text; path = pokemon.csv; sourceTree = "<group>"; };
		8E8AB0A71D12609000CC8158 /* Pokemon.swift */ = {isa = PBXFileReference; fileEncoding = 4; lastKnownFileType = sourcecode.swift; path = Pokemon.swift; sourceTree = "<group>"; };
		8E8AB0AB1D12677900CC8158 /* PokeCell.swift */ = {isa = PBXFileReference; fileEncoding = 4; lastKnownFileType = sourcecode.swift; path = PokeCell.swift; sourceTree = "<group>"; };
		8E8AB0AE1D12FC6E00CC8158 /* csv.swift */ = {isa = PBXFileReference; fileEncoding = 4; lastKnownFileType = sourcecode.swift; path = csv.swift; sourceTree = "<group>"; };
		8E8AB0B51D13021500CC8158 /* pokemonsolid.ttf */ = {isa = PBXFileReference; lastKnownFileType = file; path = pokemonsolid.ttf; sourceTree = "<group>"; };
		F31B34A28168BE9C6D275BE7 /* Pods-pokedex.release.xcconfig */ = {isa = PBXFileReference; includeInIndex = 1; lastKnownFileType = text.xcconfig; name = "Pods-pokedex.release.xcconfig"; path = "Pods/Target Support Files/Pods-pokedex/Pods-pokedex.release.xcconfig"; sourceTree = "<group>"; };
/* End PBXFileReference section */

/* Begin PBXFrameworksBuildPhase section */
		8E8AB08C1D125CF600CC8158 /* Frameworks */ = {
			isa = PBXFrameworksBuildPhase;
			buildActionMask = 2147483647;
			files = (
				96827F7D1FA5C969F59C3695 /* Pods_pokedex.framework in Frameworks */,
			);
			runOnlyForDeploymentPostprocessing = 0;
		};
/* End PBXFrameworksBuildPhase section */

/* Begin PBXGroup section */
		5E1721D266EFC68A4C7D4FA0 /* Frameworks */ = {
			isa = PBXGroup;
			children = (
				3EA0A5C43AFBE3539FFD9AC1 /* Pods_pokedex.framework */,
			);
			name = Frameworks;
			sourceTree = "<group>";
		};
		8E8AB0861D125CF600CC8158 = {
			isa = PBXGroup;
			children = (
				8E8AB0911D125CF700CC8158 /* pokedex */,
				8E8AB0901D125CF600CC8158 /* Products */,
				D65921CFBD2F88E2DEF95C89 /* Pods */,
				5E1721D266EFC68A4C7D4FA0 /* Frameworks */,
			);
			sourceTree = "<group>";
		};
		8E8AB0901D125CF600CC8158 /* Products */ = {
			isa = PBXGroup;
			children = (
				8E8AB08F1D125CF600CC8158 /* pokedex.app */,
			);
			name = Products;
			sourceTree = "<group>";
		};
		8E8AB0911D125CF700CC8158 /* pokedex */ = {
			isa = PBXGroup;
			children = (
				8E8AB0A61D12608200CC8158 /* Model */,
				8E8AB0AA1D12675500CC8158 /* View */,
				8E8AB0B11D12FC9100CC8158 /* Controller */,
				8E8AB0B01D12FC8300CC8158 /* Util */,
				8E8AB0B21D12FC9C00CC8158 /* Resources */,
				8E8AB0921D125CF700CC8158 /* AppDelegate.swift */,
				8E8AB0961D125CF700CC8158 /* Main.storyboard */,
				8E8AB0991D125CF700CC8158 /* Assets.xcassets */,
				8E8AB09B1D125CF700CC8158 /* LaunchScreen.storyboard */,
				8E8AB09E1D125CF700CC8158 /* Info.plist */,
			);
			path = pokedex;
			sourceTree = "<group>";
		};
		8E8AB0A61D12608200CC8158 /* Model */ = {
			isa = PBXGroup;
			children = (
				8E8AB0A71D12609000CC8158 /* Pokemon.swift */,
			);
			name = Model;
			sourceTree = "<group>";
		};
		8E8AB0AA1D12675500CC8158 /* View */ = {
			isa = PBXGroup;
			children = (
				8E8AB0AB1D12677900CC8158 /* PokeCell.swift */,
			);
			name = View;
			sourceTree = "<group>";
		};
		8E8AB0AD1D12FC6E00CC8158 /* csvswift-master */ = {
			isa = PBXGroup;
			children = (
				8E8AB0AE1D12FC6E00CC8158 /* csv.swift */,
			);
			path = "csvswift-master";
			sourceTree = "<group>";
		};
		8E8AB0B01D12FC8300CC8158 /* Util */ = {
			isa = PBXGroup;
			children = (
				8E4E3D8C1D13265E0091C56D /* Constants.swift */,
				8E8AB0AD1D12FC6E00CC8158 /* csvswift-master */,
			);
			name = Util;
			sourceTree = "<group>";
		};
		8E8AB0B11D12FC9100CC8158 /* Controller */ = {
			isa = PBXGroup;
			children = (
				8E8AB0941D125CF700CC8158 /* ViewController.swift */,
				8E4E3D8A1D130F220091C56D /* PokemonDetailVC.swift */,
			);
			name = Controller;
			sourceTree = "<group>";
		};
		8E8AB0B21D12FC9C00CC8158 /* Resources */ = {
			isa = PBXGroup;
			children = (
				8E4E3D881D1306440091C56D /* music.mp3 */,
				8E8AB0A41D125F0100CC8158 /* pokemon.csv */,
				8E8AB0B51D13021500CC8158 /* pokemonsolid.ttf */,
			);
			name = Resources;
			sourceTree = "<group>";
		};
		D65921CFBD2F88E2DEF95C89 /* Pods */ = {
			isa = PBXGroup;
			children = (
				772BFD8B8C1E4EE56E9E95FC /* Pods-pokedex.debug.xcconfig */,
				F31B34A28168BE9C6D275BE7 /* Pods-pokedex.release.xcconfig */,
			);
			name = Pods;
			sourceTree = "<group>";
		};
/* End PBXGroup section */

/* Begin PBXNativeTarget section */
		8E8AB08E1D125CF600CC8158 /* pokedex */ = {
			isa = PBXNativeTarget;
			buildConfigurationList = 8E8AB0A11D125CF700CC8158 /* Build configuration list for PBXNativeTarget "pokedex" */;
			buildPhases = (
				4F15EC4F714B4BB7E2E0B53A /* [CP] Check Pods Manifest.lock */,
				8E8AB08B1D125CF600CC8158 /* Sources */,
				8E8AB08C1D125CF600CC8158 /* Frameworks */,
				8E8AB08D1D125CF600CC8158 /* Resources */,
				0F68EACC92C5EFBE329AAB9C /* [CP] Embed Pods Frameworks */,
				F705365F5D8F10069F85A9F6 /* [CP] Copy Pods Resources */,
			);
			buildRules = (
			);
			dependencies = (
			);
			name = pokedex;
			productName = pokedex;
			productReference = 8E8AB08F1D125CF600CC8158 /* pokedex.app */;
			productType = "com.apple.product-type.application";
		};
/* End PBXNativeTarget section */

/* Begin PBXProject section */
		8E8AB0871D125CF600CC8158 /* Project object */ = {
			isa = PBXProject;
			attributes = {
				LastSwiftUpdateCheck = 0730;
				LastUpgradeCheck = 0730;
				ORGANIZATIONNAME = "Gordon Seto";
				TargetAttributes = {
					8E8AB08E1D125CF600CC8158 = {
						CreatedOnToolsVersion = 7.3.1;
					};
				};
			};
			buildConfigurationList = 8E8AB08A1D125CF600CC8158 /* Build configuration list for PBXProject "pokedex" */;
			compatibilityVersion = "Xcode 3.2";
			developmentRegion = English;
			hasScannedForEncodings = 0;
			knownRegions = (
				en,
				Base,
			);
			mainGroup = 8E8AB0861D125CF600CC8158;
			productRefGroup = 8E8AB0901D125CF600CC8158 /* Products */;
			projectDirPath = "";
			projectRoot = "";
			targets = (
				8E8AB08E1D125CF600CC8158 /* pokedex */,
			);
		};
/* End PBXProject section */

/* Begin PBXResourcesBuildPhase section */
		8E8AB08D1D125CF600CC8158 /* Resources */ = {
			isa = PBXResourcesBuildPhase;
			buildActionMask = 2147483647;
			files = (
				8E8AB0B61D13021500CC8158 /* pokemonsolid.ttf in Resources */,
				8E8AB09D1D125CF700CC8158 /* LaunchScreen.storyboard in Resources */,
				8E4E3D891D1306440091C56D /* music.mp3 in Resources */,
				8E8AB09A1D125CF700CC8158 /* Assets.xcassets in Resources */,
				8E8AB0A51D125F0200CC8158 /* pokemon.csv in Resources */,
				8E8AB0981D125CF700CC8158 /* Main.storyboard in Resources */,
			);
			runOnlyForDeploymentPostprocessing = 0;
		};
/* End PBXResourcesBuildPhase section */

/* Begin PBXShellScriptBuildPhase section */
		0F68EACC92C5EFBE329AAB9C /* [CP] Embed Pods Frameworks */ = {
			isa = PBXShellScriptBuildPhase;
			buildActionMask = 2147483647;
			files = (
			);
			inputPaths = (
			);
			name = "[CP] Embed Pods Frameworks";
			outputPaths = (
			);
			runOnlyForDeploymentPostprocessing = 0;
			shellPath = /bin/sh;
			shellScript = "\"${SRCROOT}/Pods/Target Support Files/Pods-pokedex/Pods-pokedex-frameworks.sh\"\n";
			showEnvVarsInLog = 0;
		};
		4F15EC4F714B4BB7E2E0B53A /* [CP] Check Pods Manifest.lock */ = {
			isa = PBXShellScriptBuildPhase;
			buildActionMask = 2147483647;
			files = (
			);
			inputPaths = (
			);
			name = "[CP] Check Pods Manifest.lock";
			outputPaths = (
			);
			runOnlyForDeploymentPostprocessing = 0;
			shellPath = /bin/sh;
			shellScript = "diff \"${PODS_ROOT}/../Podfile.lock\" \"${PODS_ROOT}/Manifest.lock\" > /dev/null\nif [[ $? != 0 ]] ; then\n    cat << EOM\nerror: The sandbox is not in sync with the Podfile.lock. Run 'pod install' or update your CocoaPods installation.\nEOM\n    exit 1\nfi\n";
			showEnvVarsInLog = 0;
		};
		F705365F5D8F10069F85A9F6 /* [CP] Copy Pods Resources */ = {
			isa = PBXShellScriptBuildPhase;
			buildActionMask = 2147483647;
			files = (
			);
			inputPaths = (
			);
			name = "[CP] Copy Pods Resources";
			outputPaths = (
			);
			runOnlyForDeploymentPostprocessing = 0;
			shellPath = /bin/sh;
			shellScript = "\"${SRCROOT}/Pods/Target Support Files/Pods-pokedex/Pods-pokedex-resources.sh\"\n";
			showEnvVarsInLog = 0;
		};
/* End PBXShellScriptBuildPhase section */

/* Begin PBXSourcesBuildPhase section */
		8E8AB08B1D125CF600CC8158 /* Sources */ = {
			isa = PBXSourcesBuildPhase;
			buildActionMask = 2147483647;
			files = (
				8E8AB0AC1D12677900CC8158 /* PokeCell.swift in Sources */,
				8E8AB0951D125CF700CC8158 /* ViewController.swift in Sources */,
				8E8AB0931D125CF700CC8158 /* AppDelegate.swift in Sources */,
				8E4E3D8B1D130F220091C56D /* PokemonDetailVC.swift in Sources */,
				8E4E3D8D1D13265E0091C56D /* Constants.swift in Sources */,
				8E8AB0A81D12609000CC8158 /* Pokemon.swift in Sources */,
				8E8AB0AF1D12FC6E00CC8158 /* csv.swift in Sources */,
			);
			runOnlyForDeploymentPostprocessing = 0;
		};
/* End PBXSourcesBuildPhase section */

/* Begin PBXVariantGroup section */
		8E8AB0961D125CF700CC8158 /* Main.storyboard */ = {
			isa = PBXVariantGroup;
			children = (
				8E8AB0971D125CF700CC8158 /* Base */,
			);
			name = Main.storyboard;
			sourceTree = "<group>";
		};
		8E8AB09B1D125CF700CC8158 /* LaunchScreen.storyboard */ = {
			isa = PBXVariantGroup;
			children = (
				8E8AB09C1D125CF700CC8158 /* Base */,
			);
			name = LaunchScreen.storyboard;
			sourceTree = "<group>";
		};
/* End PBXVariantGroup section */

/* Begin XCBuildConfiguration section */
		8E8AB09F1D125CF700CC8158 /* Debug */ = {
			isa = XCBuildConfiguration;
			buildSettings = {
				ALWAYS_SEARCH_USER_PATHS = NO;
				CLANG_ANALYZER_NONNULL = YES;
				CLANG_CXX_LANGUAGE_STANDARD = "gnu++0x";
				CLANG_CXX_LIBRARY = "libc++";
				CLANG_ENABLE_MODULES = YES;
				CLANG_ENABLE_OBJC_ARC = YES;
				CLANG_WARN_BOOL_CONVERSION = YES;
				CLANG_WARN_CONSTANT_CONVERSION = YES;
				CLANG_WARN_DIRECT_OBJC_ISA_USAGE = YES_ERROR;
				CLANG_WARN_EMPTY_BODY = YES;
				CLANG_WARN_ENUM_CONVERSION = YES;
				CLANG_WARN_INT_CONVERSION = YES;
				CLANG_WARN_OBJC_ROOT_CLASS = YES_ERROR;
				CLANG_WARN_UNREACHABLE_CODE = YES;
				CLANG_WARN__DUPLICATE_METHOD_MATCH = YES;
				"CODE_SIGN_IDENTITY[sdk=iphoneos*]" = "iPhone Developer";
				COPY_PHASE_STRIP = NO;
				DEBUG_INFORMATION_FORMAT = dwarf;
				ENABLE_STRICT_OBJC_MSGSEND = YES;
				ENABLE_TESTABILITY = YES;
				GCC_C_LANGUAGE_STANDARD = gnu99;
				GCC_DYNAMIC_NO_PIC = NO;
				GCC_NO_COMMON_BLOCKS = YES;
				GCC_OPTIMIZATION_LEVEL = 0;
				GCC_PREPROCESSOR_DEFINITIONS = (
					"DEBUG=1",
					"$(inherited)",
				);
				GCC_WARN_64_TO_32_BIT_CONVERSION = YES;
				GCC_WARN_ABOUT_RETURN_TYPE = YES_ERROR;
				GCC_WARN_UNDECLARED_SELECTOR = YES;
				GCC_WARN_UNINITIALIZED_AUTOS = YES_AGGRESSIVE;
				GCC_WARN_UNUSED_FUNCTION = YES;
				GCC_WARN_UNUSED_VARIABLE = YES;
				IPHONEOS_DEPLOYMENT_TARGET = 9.3;
				MTL_ENABLE_DEBUG_INFO = YES;
				ONLY_ACTIVE_ARCH = YES;
				SDKROOT = iphoneos;
				SWIFT_OPTIMIZATION_LEVEL = "-Onone";
			};
			name = Debug;
		};
		8E8AB0A01D125CF700CC8158 /* Release */ = {
			isa = XCBuildConfiguration;
			buildSettings = {
				ALWAYS_SEARCH_USER_PATHS = NO;
				CLANG_ANALYZER_NONNULL = YES;
				CLANG_CXX_LANGUAGE_STANDARD = "gnu++0x";
				CLANG_CXX_LIBRARY = "libc++";
				CLANG_ENABLE_MODULES = YES;
				CLANG_ENABLE_OBJC_ARC = YES;
				CLANG_WARN_BOOL_CONVERSION = YES;
				CLANG_WARN_CONSTANT_CONVERSION = YES;
				CLANG_WARN_DIRECT_OBJC_ISA_USAGE = YES_ERROR;
				CLANG_WARN_EMPTY_BODY = YES;
				CLANG_WARN_ENUM_CONVERSION = YES;
				CLANG_WARN_INT_CONVERSION = YES;
				CLANG_WARN_OBJC_ROOT_CLASS = YES_ERROR;
				CLANG_WARN_UNREACHABLE_CODE = YES;
				CLANG_WARN__DUPLICATE_METHOD_MATCH = YES;
				"CODE_SIGN_IDENTITY[sdk=iphoneos*]" = "iPhone Developer";
				COPY_PHASE_STRIP = NO;
				DEBUG_INFORMATION_FORMAT = "dwarf-with-dsym";
				ENABLE_NS_ASSERTIONS = NO;
				ENABLE_STRICT_OBJC_MSGSEND = YES;
				GCC_C_LANGUAGE_STANDARD = gnu99;
				GCC_NO_COMMON_BLOCKS = YES;
				GCC_WARN_64_TO_32_BIT_CONVERSION = YES;
				GCC_WARN_ABOUT_RETURN_TYPE = YES_ERROR;
				GCC_WARN_UNDECLARED_SELECTOR = YES;
				GCC_WARN_UNINITIALIZED_AUTOS = YES_AGGRESSIVE;
				GCC_WARN_UNUSED_FUNCTION = YES;
				GCC_WARN_UNUSED_VARIABLE = YES;
				IPHONEOS_DEPLOYMENT_TARGET = 9.3;
				MTL_ENABLE_DEBUG_INFO = NO;
				SDKROOT = iphoneos;
				VALIDATE_PRODUCT = YES;
			};
			name = Release;
		};
		8E8AB0A21D125CF700CC8158 /* Debug */ = {
			isa = XCBuildConfiguration;
			baseConfigurationReference = 772BFD8B8C1E4EE56E9E95FC /* Pods-pokedex.debug.xcconfig */;
			buildSettings = {
				ASSETCATALOG_COMPILER_APPICON_NAME = AppIcon;
				INFOPLIST_FILE = pokedex/Info.plist;
				LD_RUNPATH_SEARCH_PATHS = "$(inherited) @executable_path/Frameworks";
				PRODUCT_BUNDLE_IDENTIFIER = gordonseto.pokedex;
				PRODUCT_NAME = "$(TARGET_NAME)";
			};
			name = Debug;
		};
		8E8AB0A31D125CF700CC8158 /* Release */ = {
			isa = XCBuildConfiguration;
			baseConfigurationReference = F31B34A28168BE9C6D275BE7 /* Pods-pokedex.release.xcconfig */;
			buildSettings = {
				ASSETCATALOG_COMPILER_APPICON_NAME = AppIcon;
				INFOPLIST_FILE = pokedex/Info.plist;
				LD_RUNPATH_SEARCH_PATHS = "$(inherited) @executable_path/Frameworks";
				PRODUCT_BUNDLE_IDENTIFIER = gordonseto.pokedex;
				PRODUCT_NAME = "$(TARGET_NAME)";
			};
			name = Release;
		};
/* End XCBuildConfiguration section */

/* Begin XCConfigurationList section */
		8E8AB08A1D125CF600CC8158 /* Build configuration list for PBXProject "pokedex" */ = {
			isa = XCConfigurationList;
			buildConfigurations = (
				8E8AB09F1D125CF700CC8158 /* Debug */,
				8E8AB0A01D125CF700CC8158 /* Release */,
			);
			defaultConfigurationIsVisible = 0;
			defaultConfigurationName = Release;
		};
		8E8AB0A11D125CF700CC8158 /* Build configuration list for PBXNativeTarget "pokedex" */ = {
			isa = XCConfigurationList;
			buildConfigurations = (
				8E8AB0A21D125CF700CC8158 /* Debug */,
				8E8AB0A31D125CF700CC8158 /* Release */,
			);
			defaultConfigurationIsVisible = 0;
			defaultConfigurationName = Release;
		};
/* End XCConfigurationList section */
	};
	rootObject = 8E8AB0871D125CF600CC8158 /* Project object */;
}
